// !$*UTF8*$!
{
	archiveVersion = 1;
	classes = {
	};
	objectVersion = 77;
	objects = {

/* Begin PBXContainerItemProxy section */
		9B0AA93C2D6FC5B6008B202A /* PBXContainerItemProxy */ = {
			isa = PBXContainerItemProxy;
			containerPortal = 9B0AA91D2D6FC5B5008B202A /* Project object */;
			proxyType = 1;
			remoteGlobalIDString = 9B0AA9242D6FC5B5008B202A;
			remoteInfo = ShhArt;
		};
		9B0AA9462D6FC5B6008B202A /* PBXContainerItemProxy */ = {
			isa = PBXContainerItemProxy;
			containerPortal = 9B0AA91D2D6FC5B5008B202A /* Project object */;
			proxyType = 1;
			remoteGlobalIDString = 9B0AA9242D6FC5B5008B202A;
			remoteInfo = ShhArt;
		};
/* End PBXContainerItemProxy section */

/* Begin PBXFileReference section */
		9B0AA9252D6FC5B5008B202A /* ShhArt.app */ = {isa = PBXFileReference; explicitFileType = wrapper.application; includeInIndex = 0; path = ShhArt.app; sourceTree = BUILT_PRODUCTS_DIR; };
		9B0AA93B2D6FC5B6008B202A /* ShhArtTests.xctest */ = {isa = PBXFileReference; explicitFileType = wrapper.cfbundle; includeInIndex = 0; path = ShhArtTests.xctest; sourceTree = BUILT_PRODUCTS_DIR; };
		9B0AA9452D6FC5B6008B202A /* ShhArtUITests.xctest */ = {isa = PBXFileReference; explicitFileType = wrapper.cfbundle; includeInIndex = 0; path = ShhArtUITests.xctest; sourceTree = BUILT_PRODUCTS_DIR; };
/* End PBXFileReference section */

/* Begin PBXFileSystemSynchronizedBuildFileExceptionSet section */
		9B0AA94D2D6FC5B6008B202A /* Exceptions for "ShhArt" folder in "ShhArt" target */ = {
			isa = PBXFileSystemSynchronizedBuildFileExceptionSet;
			membershipExceptions = (
				Info.plist,
			);
			target = 9B0AA9242D6FC5B5008B202A /* ShhArt */;
		};
/* End PBXFileSystemSynchronizedBuildFileExceptionSet section */

/* Begin PBXFileSystemSynchronizedRootGroup section */
		9B0AA9272D6FC5B5008B202A /* ShhArt */ = {
			isa = PBXFileSystemSynchronizedRootGroup;
			exceptions = (
				9B0AA94D2D6FC5B6008B202A /* Exceptions for "ShhArt" folder in "ShhArt" target */,
			);
			path = ShhArt;
			sourceTree = "<group>";
		};
		9B0AA93E2D6FC5B6008B202A /* ShhArtTests */ = {
			isa = PBXFileSystemSynchronizedRootGroup;
			path = ShhArtTests;
			sourceTree = "<group>";
		};
		9B0AA9482D6FC5B6008B202A /* ShhArtUITests */ = {
			isa = PBXFileSystemSynchronizedRootGroup;
			path = ShhArtUITests;
			sourceTree = "<group>";
		};
/* End PBXFileSystemSynchronizedRootGroup section */

/* Begin PBXFrameworksBuildPhase section */
		9B0AA9222D6FC5B5008B202A /* Frameworks */ = {
			isa = PBXFrameworksBuildPhase;
			buildActionMask = 2147483647;
			files = (
			);
			runOnlyForDeploymentPostprocessing = 0;
		};
		9B0AA9382D6FC5B6008B202A /* Frameworks */ = {
			isa = PBXFrameworksBuildPhase;
			buildActionMask = 2147483647;
			files = (
			);
			runOnlyForDeploymentPostprocessing = 0;
		};
		9B0AA9422D6FC5B6008B202A /* Frameworks */ = {
			isa = PBXFrameworksBuildPhase;
			buildActionMask = 2147483647;
			files = (
			);
			runOnlyForDeploymentPostprocessing = 0;
		};
/* End PBXFrameworksBuildPhase section */

/* Begin PBXGroup section */
		9B0AA91C2D6FC5B5008B202A = {
			isa = PBXGroup;
			children = (
				9B0AA9272D6FC5B5008B202A /* ShhArt */,
				9B0AA93E2D6FC5B6008B202A /* ShhArtTests */,
				9B0AA9482D6FC5B6008B202A /* ShhArtUITests */,
				9B0AA9262D6FC5B5008B202A /* Products */,
			);
			sourceTree = "<group>";
		};
		9B0AA9262D6FC5B5008B202A /* Products */ = {
			isa = PBXGroup;
			children = (
				9B0AA9252D6FC5B5008B202A /* ShhArt.app */,
				9B0AA93B2D6FC5B6008B202A /* ShhArtTests.xctest */,
				9B0AA9452D6FC5B6008B202A /* ShhArtUITests.xctest */,
			);
			name = Products;
			sourceTree = "<group>";
		};
/* End PBXGroup section */

/* Begin PBXNativeTarget section */
		9B0AA9242D6FC5B5008B202A /* ShhArt */ = {
			isa = PBXNativeTarget;
			buildConfigurationList = 9B0AA94E2D6FC5B6008B202A /* Build configuration list for PBXNativeTarget "ShhArt" */;
			buildPhases = (
				9B0AA9212D6FC5B5008B202A /* Sources */,
				9B0AA9222D6FC5B5008B202A /* Frameworks */,
				9B0AA9232D6FC5B5008B202A /* Resources */,
			);
			buildRules = (
			);
			dependencies = (
			);
			fileSystemSynchronizedGroups = (
				9B0AA9272D6FC5B5008B202A /* ShhArt */,
			);
			name = ShhArt;
			packageProductDependencies = (
			);
			productName = ShhArt;
			productReference = 9B0AA9252D6FC5B5008B202A /* ShhArt.app */;
			productType = "com.apple.product-type.application";
		};
		9B0AA93A2D6FC5B6008B202A /* ShhArtTests */ = {
			isa = PBXNativeTarget;
			buildConfigurationList = 9B0AA9532D6FC5B6008B202A /* Build configuration list for PBXNativeTarget "ShhArtTests" */;
			buildPhases = (
				9B0AA9372D6FC5B6008B202A /* Sources */,
				9B0AA9382D6FC5B6008B202A /* Frameworks */,
				9B0AA9392D6FC5B6008B202A /* Resources */,
			);
			buildRules = (
			);
			dependencies = (
				9B0AA93D2D6FC5B6008B202A /* PBXTargetDependency */,
			);
			fileSystemSynchronizedGroups = (
				9B0AA93E2D6FC5B6008B202A /* ShhArtTests */,
			);
			name = ShhArtTests;
			packageProductDependencies = (
			);
			productName = ShhArtTests;
			productReference = 9B0AA93B2D6FC5B6008B202A /* ShhArtTests.xctest */;
			productType = "com.apple.product-type.bundle.unit-test";
		};
		9B0AA9442D6FC5B6008B202A /* ShhArtUITests */ = {
			isa = PBXNativeTarget;
			buildConfigurationList = 9B0AA9562D6FC5B6008B202A /* Build configuration list for PBXNativeTarget "ShhArtUITests" */;
			buildPhases = (
				9B0AA9412D6FC5B6008B202A /* Sources */,
				9B0AA9422D6FC5B6008B202A /* Frameworks */,
				9B0AA9432D6FC5B6008B202A /* Resources */,
			);
			buildRules = (
			);
			dependencies = (
				9B0AA9472D6FC5B6008B202A /* PBXTargetDependency */,
			);
			fileSystemSynchronizedGroups = (
				9B0AA9482D6FC5B6008B202A /* ShhArtUITests */,
			);
			name = ShhArtUITests;
			packageProductDependencies = (
			);
			productName = ShhArtUITests;
			productReference = 9B0AA9452D6FC5B6008B202A /* ShhArtUITests.xctest */;
			productType = "com.apple.product-type.bundle.ui-testing";
		};
/* End PBXNativeTarget section */

/* Begin PBXProject section */
		9B0AA91D2D6FC5B5008B202A /* Project object */ = {
			isa = PBXProject;
			attributes = {
				BuildIndependentTargetsInParallel = 1;
				LastSwiftUpdateCheck = 1620;
				LastUpgradeCheck = 1620;
				TargetAttributes = {
					9B0AA9242D6FC5B5008B202A = {
						CreatedOnToolsVersion = 16.2;
					};
					9B0AA93A2D6FC5B6008B202A = {
						CreatedOnToolsVersion = 16.2;
						TestTargetID = 9B0AA9242D6FC5B5008B202A;
					};
					9B0AA9442D6FC5B6008B202A = {
						CreatedOnToolsVersion = 16.2;
						TestTargetID = 9B0AA9242D6FC5B5008B202A;
					};
				};
			};
			buildConfigurationList = 9B0AA9202D6FC5B5008B202A /* Build configuration list for PBXProject "ShhArt" */;
			developmentRegion = en;
			hasScannedForEncodings = 0;
			knownRegions = (
				en,
				Base,
			);
			mainGroup = 9B0AA91C2D6FC5B5008B202A;
			minimizedProjectReferenceProxies = 1;
			preferredProjectObjectVersion = 77;
			productRefGroup = 9B0AA9262D6FC5B5008B202A /* Products */;
			projectDirPath = "";
			projectRoot = "";
			targets = (
				9B0AA9242D6FC5B5008B202A /* ShhArt */,
				9B0AA93A2D6FC5B6008B202A /* ShhArtTests */,
				9B0AA9442D6FC5B6008B202A /* ShhArtUITests */,
			);
		};
/* End PBXProject section */

/* Begin PBXResourcesBuildPhase section */
		9B0AA9232D6FC5B5008B202A /* Resources */ = {
			isa = PBXResourcesBuildPhase;
			buildActionMask = 2147483647;
			files = (
			);
			runOnlyForDeploymentPostprocessing = 0;
		};
		9B0AA9392D6FC5B6008B202A /* Resources */ = {
			isa = PBXResourcesBuildPhase;
			buildActionMask = 2147483647;
			files = (
			);
			runOnlyForDeploymentPostprocessing = 0;
		};
		9B0AA9432D6FC5B6008B202A /* Resources */ = {
			isa = PBXResourcesBuildPhase;
			buildActionMask = 2147483647;
			files = (
			);
			runOnlyForDeploymentPostprocessing = 0;
		};
/* End PBXResourcesBuildPhase section */

/* Begin PBXSourcesBuildPhase section */
		9B0AA9212D6FC5B5008B202A /* Sources */ = {
			isa = PBXSourcesBuildPhase;
			buildActionMask = 2147483647;
			files = (
			);
			runOnlyForDeploymentPostprocessing = 0;
		};
		9B0AA9372D6FC5B6008B202A /* Sources */ = {
			isa = PBXSourcesBuildPhase;
			buildActionMask = 2147483647;
			files = (
			);
			runOnlyForDeploymentPostprocessing = 0;
		};
		9B0AA9412D6FC5B6008B202A /* Sources */ = {
			isa = PBXSourcesBuildPhase;
			buildActionMask = 2147483647;
			files = (
			);
			runOnlyForDeploymentPostprocessing = 0;
		};
/* End PBXSourcesBuildPhase section */

/* Begin PBXTargetDependency section */
		9B0AA93D2D6FC5B6008B202A /* PBXTargetDependency */ = {
			isa = PBXTargetDependency;
			target = 9B0AA9242D6FC5B5008B202A /* ShhArt */;
			targetProxy = 9B0AA93C2D6FC5B6008B202A /* PBXContainerItemProxy */;
		};
		9B0AA9472D6FC5B6008B202A /* PBXTargetDependency */ = {
			isa = PBXTargetDependency;
			target = 9B0AA9242D6FC5B5008B202A /* ShhArt */;
			targetProxy = 9B0AA9462D6FC5B6008B202A /* PBXContainerItemProxy */;
		};
/* End PBXTargetDependency section */

/* Begin XCBuildConfiguration section */
		9B0AA94F2D6FC5B6008B202A /* Debug */ = {
			isa = XCBuildConfiguration;
			buildSettings = {
				ASSETCATALOG_COMPILER_APPICON_NAME = AppIcon;
				ASSETCATALOG_COMPILER_GLOBAL_ACCENT_COLOR_NAME = AccentColor;
				CODE_SIGN_STYLE = Automatic;
				CURRENT_PROJECT_VERSION = 1;
				DEVELOPMENT_TEAM = 96GA29E953;
				GENERATE_INFOPLIST_FILE = YES;
				INFOPLIST_FILE = ShhArt/Info.plist;
				INFOPLIST_KEY_UIApplicationSupportsIndirectInputEvents = YES;
				INFOPLIST_KEY_UILaunchStoryboardName = LaunchScreen;
				INFOPLIST_KEY_UIMainStoryboardFile = Main;
				INFOPLIST_KEY_UISupportedInterfaceOrientations_iPad = "UIInterfaceOrientationPortrait UIInterfaceOrientationPortraitUpsideDown UIInterfaceOrientationLandscapeLeft UIInterfaceOrientationLandscapeRight";
				INFOPLIST_KEY_UISupportedInterfaceOrientations_iPhone = "UIInterfaceOrientationPortrait UIInterfaceOrientationLandscapeLeft UIInterfaceOrientationLandscapeRight";
				LD_RUNPATH_SEARCH_PATHS = (
					"$(inherited)",
					"@executable_path/Frameworks",
				);
				MARKETING_VERSION = 1.0;
				PRODUCT_BUNDLE_IDENTIFIER = com.feaver.ShhArt;
				PRODUCT_NAME = "$(TARGET_NAME)";
				SWIFT_EMIT_LOC_STRINGS = YES;
				SWIFT_VERSION = 5.0;
				TARGETED_DEVICE_FAMILY = "1,2";
			};
			name = Debug;
		};
		9B0AA9502D6FC5B6008B202A /* Release */ = {
			isa = XCBuildConfiguration;
			buildSettings = {
				ASSETCATALOG_COMPILER_APPICON_NAME = AppIcon;
				ASSETCATALOG_COMPILER_GLOBAL_ACCENT_COLOR_NAME = AccentColor;
				CODE_SIGN_STYLE = Automatic;
				CURRENT_PROJECT_VERSION = 1;
				DEVELOPMENT_TEAM = 96GA29E953;
				GENERATE_INFOPLIST_FILE = YES;
				INFOPLIST_FILE = ShhArt/Info.plist;
				INFOPLIST_KEY_UIApplicationSupportsIndirectInputEvents = YES;
				INFOPLIST_KEY_UILaunchStoryboardName = LaunchScreen;
				INFOPLIST_KEY_UIMainStoryboardFile = Main;
				INFOPLIST_KEY_UISupportedInterfaceOrientations_iPad = "UIInterfaceOrientationPortrait UIInterfaceOrientationPortraitUpsideDown UIInterfaceOrientationLandscapeLeft UIInterfaceOrientationLandscapeRight";
				INFOPLIST_KEY_UISupportedInterfaceOrientations_iPhone = "UIInterfaceOrientationPortrait UIInterfaceOrientationLandscapeLeft UIInterfaceOrientationLandscapeRight";
				LD_RUNPATH_SEARCH_PATHS = (
					"$(inherited)",
					"@executable_path/Frameworks",
				);
				MARKETING_VERSION = 1.0;
				PRODUCT_BUNDLE_IDENTIFIER = com.feaver.ShhArt;
				PRODUCT_NAME = "$(TARGET_NAME)";
				SWIFT_EMIT_LOC_STRINGS = YES;
				SWIFT_VERSION = 5.0;
				TARGETED_DEVICE_FAMILY = "1,2";
			};
			name = Release;
		};
		9B0AA9512D6FC5B6008B202A /* Debug */ = {
			isa = XCBuildConfiguration;
			buildSettings = {
				ALWAYS_SEARCH_USER_PATHS = NO;
				ASSETCATALOG_COMPILER_GENERATE_SWIFT_ASSET_SYMBOL_EXTENSIONS = YES;
				CLANG_ANALYZER_NONNULL = YES;
				CLANG_ANALYZER_NUMBER_OBJECT_CONVERSION = YES_AGGRESSIVE;
				CLANG_CXX_LANGUAGE_STANDARD = "gnu++20";
				CLANG_ENABLE_MODULES = YES;
				CLANG_ENABLE_OBJC_ARC = YES;
				CLANG_ENABLE_OBJC_WEAK = YES;
				CLANG_WARN_BLOCK_CAPTURE_AUTORELEASING = YES;
				CLANG_WARN_BOOL_CONVERSION = YES;
				CLANG_WARN_COMMA = YES;
				CLANG_WARN_CONSTANT_CONVERSION = YES;
				CLANG_WARN_DEPRECATED_OBJC_IMPLEMENTATIONS = YES;
				CLANG_WARN_DIRECT_OBJC_ISA_USAGE = YES_ERROR;
				CLANG_WARN_DOCUMENTATION_COMMENTS = YES;
				CLANG_WARN_EMPTY_BODY = YES;
				CLANG_WARN_ENUM_CONVERSION = YES;
				CLANG_WARN_INFINITE_RECURSION = YES;
				CLANG_WARN_INT_CONVERSION = YES;
				CLANG_WARN_NON_LITERAL_NULL_CONVERSION = YES;
				CLANG_WARN_OBJC_IMPLICIT_RETAIN_SELF = YES;
				CLANG_WARN_OBJC_LITERAL_CONVERSION = YES;
				CLANG_WARN_OBJC_ROOT_CLASS = YES_ERROR;
				CLANG_WARN_QUOTED_INCLUDE_IN_FRAMEWORK_HEADER = YES;
				CLANG_WARN_RANGE_LOOP_ANALYSIS = YES;
				CLANG_WARN_STRICT_PROTOTYPES = YES;
				CLANG_WARN_SUSPICIOUS_MOVE = YES;
				CLANG_WARN_UNGUARDED_AVAILABILITY = YES_AGGRESSIVE;
				CLANG_WARN_UNREACHABLE_CODE = YES;
				CLANG_WARN__DUPLICATE_METHOD_MATCH = YES;
				COPY_PHASE_STRIP = NO;
				DEBUG_INFORMATION_FORMAT = dwarf;
				ENABLE_STRICT_OBJC_MSGSEND = YES;
				ENABLE_TESTABILITY = YES;
				ENABLE_USER_SCRIPT_SANDBOXING = YES;
				GCC_C_LANGUAGE_STANDARD = gnu17;
				GCC_DYNAMIC_NO_PIC = NO;
				GCC_NO_COMMON_BLOCKS = YES;
				GCC_OPTIMIZATION_LEVEL = 0;
				GCC_PREPROCESSOR_DEFINITIONS = (
					"DEBUG=1",
					"$(inherited)",
				);
				GCC_WARN_64_TO_32_BIT_CONVERSION = YES;
				GCC_WARN_ABOUT_RETURN_TYPE = YES_ERROR;
				GCC_WARN_UNDECLARED_SELECTOR = YES;
				GCC_WARN_UNINITIALIZED_AUTOS = YES_AGGRESSIVE;
				GCC_WARN_UNUSED_FUNCTION = YES;
				GCC_WARN_UNUSED_VARIABLE = YES;
				IPHONEOS_DEPLOYMENT_TARGET = 18.2;
				LOCALIZATION_PREFERS_STRING_CATALOGS = YES;
				MTL_ENABLE_DEBUG_INFO = INCLUDE_SOURCE;
				MTL_FAST_MATH = YES;
				ONLY_ACTIVE_ARCH = YES;
				SDKROOT = iphoneos;
				SWIFT_ACTIVE_COMPILATION_CONDITIONS = "DEBUG $(inherited)";
				SWIFT_OPTIMIZATION_LEVEL = "-Onone";
			};
			name = Debug;
		};
		9B0AA9522D6FC5B6008B202A /* Release */ = {
			isa = XCBuildConfiguration;
			buildSettings = {
				ALWAYS_SEARCH_USER_PATHS = NO;
				ASSETCATALOG_COMPILER_GENERATE_SWIFT_ASSET_SYMBOL_EXTENSIONS = YES;
				CLANG_ANALYZER_NONNULL = YES;
				CLANG_ANALYZER_NUMBER_OBJECT_CONVERSION = YES_AGGRESSIVE;
				CLANG_CXX_LANGUAGE_STANDARD = "gnu++20";
				CLANG_ENABLE_MODULES = YES;
				CLANG_ENABLE_OBJC_ARC = YES;
				CLANG_ENABLE_OBJC_WEAK = YES;
				CLANG_WARN_BLOCK_CAPTURE_AUTORELEASING = YES;
				CLANG_WARN_BOOL_CONVERSION = YES;
				CLANG_WARN_COMMA = YES;
				CLANG_WARN_CONSTANT_CONVERSION = YES;
				CLANG_WARN_DEPRECATED_OBJC_IMPLEMENTATIONS = YES;
				CLANG_WARN_DIRECT_OBJC_ISA_USAGE = YES_ERROR;
				CLANG_WARN_DOCUMENTATION_COMMENTS = YES;
				CLANG_WARN_EMPTY_BODY = YES;
				CLANG_WARN_ENUM_CONVERSION = YES;
				CLANG_WARN_INFINITE_RECURSION = YES;
				CLANG_WARN_INT_CONVERSION = YES;
				CLANG_WARN_NON_LITERAL_NULL_CONVERSION = YES;
				CLANG_WARN_OBJC_IMPLICIT_RETAIN_SELF = YES;
				CLANG_WARN_OBJC_LITERAL_CONVERSION = YES;
				CLANG_WARN_OBJC_ROOT_CLASS = YES_ERROR;
				CLANG_WARN_QUOTED_INCLUDE_IN_FRAMEWORK_HEADER = YES;
				CLANG_WARN_RANGE_LOOP_ANALYSIS = YES;
				CLANG_WARN_STRICT_PROTOTYPES = YES;
				CLANG_WARN_SUSPICIOUS_MOVE = YES;
				CLANG_WARN_UNGUARDED_AVAILABILITY = YES_AGGRESSIVE;
				CLANG_WARN_UNREACHABLE_CODE = YES;
				CLANG_WARN__DUPLICATE_METHOD_MATCH = YES;
				COPY_PHASE_STRIP = NO;
				DEBUG_INFORMATION_FORMAT = "dwarf-with-dsym";
				ENABLE_NS_ASSERTIONS = NO;
				ENABLE_STRICT_OBJC_MSGSEND = YES;
				ENABLE_USER_SCRIPT_SANDBOXING = YES;
				GCC_C_LANGUAGE_STANDARD = gnu17;
				GCC_NO_COMMON_BLOCKS = YES;
				GCC_WARN_64_TO_32_BIT_CONVERSION = YES;
				GCC_WARN_ABOUT_RETURN_TYPE = YES_ERROR;
				GCC_WARN_UNDECLARED_SELECTOR = YES;
				GCC_WARN_UNINITIALIZED_AUTOS = YES_AGGRESSIVE;
				GCC_WARN_UNUSED_FUNCTION = YES;
				GCC_WARN_UNUSED_VARIABLE = YES;
				IPHONEOS_DEPLOYMENT_TARGET = 18.2;
				LOCALIZATION_PREFERS_STRING_CATALOGS = YES;
				MTL_ENABLE_DEBUG_INFO = NO;
				MTL_FAST_MATH = YES;
				SDKROOT = iphoneos;
				SWIFT_COMPILATION_MODE = wholemodule;
				VALIDATE_PRODUCT = YES;
			};
			name = Release;
		};
		9B0AA9542D6FC5B6008B202A /* Debug */ = {
			isa = XCBuildConfiguration;
			buildSettings = {
				BUNDLE_LOADER = "$(TEST_HOST)";
				CODE_SIGN_STYLE = Automatic;
				CURRENT_PROJECT_VERSION = 1;
				DEVELOPMENT_TEAM = 96GA29E953;
				GENERATE_INFOPLIST_FILE = YES;
				IPHONEOS_DEPLOYMENT_TARGET = 18.2;
				MARKETING_VERSION = 1.0;
				PRODUCT_BUNDLE_IDENTIFIER = com.feaver.ShhArtTests;
				PRODUCT_NAME = "$(TARGET_NAME)";
				SWIFT_EMIT_LOC_STRINGS = NO;
				SWIFT_VERSION = 5.0;
				TARGETED_DEVICE_FAMILY = "1,2";
				TEST_HOST = "$(BUILT_PRODUCTS_DIR)/ShhArt.app/$(BUNDLE_EXECUTABLE_FOLDER_PATH)/ShhArt";
			};
			name = Debug;
		};
		9B0AA9552D6FC5B6008B202A /* Release */ = {
			isa = XCBuildConfiguration;
			buildSettings = {
				BUNDLE_LOADER = "$(TEST_HOST)";
				CODE_SIGN_STYLE = Automatic;
				CURRENT_PROJECT_VERSION = 1;
				DEVELOPMENT_TEAM = 96GA29E953;
				GENERATE_INFOPLIST_FILE = YES;
				IPHONEOS_DEPLOYMENT_TARGET = 18.2;
				MARKETING_VERSION = 1.0;
				PRODUCT_BUNDLE_IDENTIFIER = com.feaver.ShhArtTests;
				PRODUCT_NAME = "$(TARGET_NAME)";
				SWIFT_EMIT_LOC_STRINGS = NO;
				SWIFT_VERSION = 5.0;
				TARGETED_DEVICE_FAMILY = "1,2";
				TEST_HOST = "$(BUILT_PRODUCTS_DIR)/ShhArt.app/$(BUNDLE_EXECUTABLE_FOLDER_PATH)/ShhArt";
			};
			name = Release;
		};
		9B0AA9572D6FC5B6008B202A /* Debug */ = {
			isa = XCBuildConfiguration;
			buildSettings = {
				CODE_SIGN_STYLE = Automatic;
				CURRENT_PROJECT_VERSION = 1;
				DEVELOPMENT_TEAM = 96GA29E953;
				GENERATE_INFOPLIST_FILE = YES;
				MARKETING_VERSION = 1.0;
				PRODUCT_BUNDLE_IDENTIFIER = com.feaver.ShhArtUITests;
				PRODUCT_NAME = "$(TARGET_NAME)";
				SWIFT_EMIT_LOC_STRINGS = NO;
				SWIFT_VERSION = 5.0;
				TARGETED_DEVICE_FAMILY = "1,2";
				TEST_TARGET_NAME = ShhArt;
			};
			name = Debug;
		};
		9B0AA9582D6FC5B6008B202A /* Release */ = {
			isa = XCBuildConfiguration;
			buildSettings = {
				CODE_SIGN_STYLE = Automatic;
				CURRENT_PROJECT_VERSION = 1;
				DEVELOPMENT_TEAM = 96GA29E953;
				GENERATE_INFOPLIST_FILE = YES;
				MARKETING_VERSION = 1.0;
				PRODUCT_BUNDLE_IDENTIFIER = com.feaver.ShhArtUITests;
				PRODUCT_NAME = "$(TARGET_NAME)";
				SWIFT_EMIT_LOC_STRINGS = NO;
				SWIFT_VERSION = 5.0;
				TARGETED_DEVICE_FAMILY = "1,2";
				TEST_TARGET_NAME = ShhArt;
			};
			name = Release;
		};
/* End XCBuildConfiguration section */

/* Begin XCConfigurationList section */
		9B0AA9202D6FC5B5008B202A /* Build configuration list for PBXProject "ShhArt" */ = {
			isa = XCConfigurationList;
			buildConfigurations = (
				9B0AA9512D6FC5B6008B202A /* Debug */,
				9B0AA9522D6FC5B6008B202A /* Release */,
			);
			defaultConfigurationIsVisible = 0;
			defaultConfigurationName = Release;
		};
		9B0AA94E2D6FC5B6008B202A /* Build configuration list for PBXNativeTarget "ShhArt" */ = {
			isa = XCConfigurationList;
			buildConfigurations = (
				9B0AA94F2D6FC5B6008B202A /* Debug */,
				9B0AA9502D6FC5B6008B202A /* Release */,
			);
			defaultConfigurationIsVisible = 0;
			defaultConfigurationName = Release;
		};
		9B0AA9532D6FC5B6008B202A /* Build configuration list for PBXNativeTarget "ShhArtTests" */ = {
			isa = XCConfigurationList;
			buildConfigurations = (
				9B0AA9542D6FC5B6008B202A /* Debug */,
				9B0AA9552D6FC5B6008B202A /* Release */,
			);
			defaultConfigurationIsVisible = 0;
			defaultConfigurationName = Release;
		};
		9B0AA9562D6FC5B6008B202A /* Build configuration list for PBXNativeTarget "ShhArtUITests" */ = {
			isa = XCConfigurationList;
			buildConfigurations = (
				9B0AA9572D6FC5B6008B202A /* Debug */,
				9B0AA9582D6FC5B6008B202A /* Release */,
			);
			defaultConfigurationIsVisible = 0;
			defaultConfigurationName = Release;
		};
/* End XCConfigurationList section */
	};
	rootObject = 9B0AA91D2D6FC5B5008B202A /* Project object */;
}
